// !$*UTF8*$!
{
	archiveVersion = 1;
	classes = {
	};
	objectVersion = 51;
	objects = {

/* Begin PBXBuildFile section */
		2F62E1BE2457C10300F672F2 /* AppDelegate.m in Sources */ = {isa = PBXBuildFile; fileRef = 2F62E1BD2457C10300F672F2 /* AppDelegate.m */; };
		2F62E1C42457C10300F672F2 /* ViewController.m in Sources */ = {isa = PBXBuildFile; fileRef = 2F62E1C32457C10300F672F2 /* ViewController.m */; };
		2F62E1C72457C10300F672F2 /* Main.storyboard in Resources */ = {isa = PBXBuildFile; fileRef = 2F62E1C52457C10300F672F2 /* Main.storyboard */; };
		2F62E1C92457C10400F672F2 /* Assets.xcassets in Resources */ = {isa = PBXBuildFile; fileRef = 2F62E1C82457C10400F672F2 /* Assets.xcassets */; };
		2F62E1CC2457C10400F672F2 /* LaunchScreen.storyboard in Resources */ = {isa = PBXBuildFile; fileRef = 2F62E1CA2457C10400F672F2 /* LaunchScreen.storyboard */; };
		2F62E1CF2457C10400F672F2 /* main.m in Sources */ = {isa = PBXBuildFile; fileRef = 2F62E1CE2457C10400F672F2 /* main.m */; };
		2F62E1F42457C29300F672F2 /* FirstModeViewController.m in Sources */ = {isa = PBXBuildFile; fileRef = 2F62E1F22457C29300F672F2 /* FirstModeViewController.m */; };
		2F62E1F52457C29300F672F2 /* FirstModeViewController.xib in Resources */ = {isa = PBXBuildFile; fileRef = 2F62E1F32457C29300F672F2 /* FirstModeViewController.xib */; };
		2F62E1F92457C2B100F672F2 /* SecondModeViewController.m in Sources */ = {isa = PBXBuildFile; fileRef = 2F62E1F72457C2B100F672F2 /* SecondModeViewController.m */; };
		2F62E1FA2457C2B100F672F2 /* SecondModeViewController.xib in Resources */ = {isa = PBXBuildFile; fileRef = 2F62E1F82457C2B100F672F2 /* SecondModeViewController.xib */; };
		2FBD545A25AD99800008D127 /* AppDelegate.swift in Sources */ = {isa = PBXBuildFile; fileRef = 2FBD545925AD99800008D127 /* AppDelegate.swift */; };
		2FBD545C25AD99800008D127 /* SceneDelegate.swift in Sources */ = {isa = PBXBuildFile; fileRef = 2FBD545B25AD99800008D127 /* SceneDelegate.swift */; };
		2FBD545E25AD99800008D127 /* ViewController.swift in Sources */ = {isa = PBXBuildFile; fileRef = 2FBD545D25AD99800008D127 /* ViewController.swift */; };
		2FBD546125AD99800008D127 /* Main.storyboard in Resources */ = {isa = PBXBuildFile; fileRef = 2FBD545F25AD99800008D127 /* Main.storyboard */; };
		2FBD546325AD99810008D127 /* Assets.xcassets in Resources */ = {isa = PBXBuildFile; fileRef = 2FBD546225AD99810008D127 /* Assets.xcassets */; };
		2FBD546625AD99810008D127 /* LaunchScreen.storyboard in Resources */ = {isa = PBXBuildFile; fileRef = 2FBD546425AD99810008D127 /* LaunchScreen.storyboard */; };
		2FBD546D25AD9C4C0008D127 /* SecondModeViewController.xib in Resources */ = {isa = PBXBuildFile; fileRef = 2FBD546B25AD9C4C0008D127 /* SecondModeViewController.xib */; };
		2FBD546E25AD9C4C0008D127 /* FirstModeViewController.xib in Resources */ = {isa = PBXBuildFile; fileRef = 2FBD546C25AD9C4C0008D127 /* FirstModeViewController.xib */; };
		2FBD547025AD9EA30008D127 /* FirstModeViewController.swift in Sources */ = {isa = PBXBuildFile; fileRef = 2FBD546F25AD9EA30008D127 /* FirstModeViewController.swift */; };
		2FBD547225ADC44B0008D127 /* SecondModeViewController.swift in Sources */ = {isa = PBXBuildFile; fileRef = 2FBD547125ADC44B0008D127 /* SecondModeViewController.swift */; };
		4595E61DC3A8949D573FA0F8 /* Pods_AGConnectRemoteConfigDemo.framework in Frameworks */ = {isa = PBXBuildFile; fileRef = DA60463ACD322E2252A53891 /* Pods_AGConnectRemoteConfigDemo.framework */; };
		C0842AC1B25DF332E33F7A13 /* Pods_AGConnectRemoteConfigDemo_Swift.framework in Frameworks */ = {isa = PBXBuildFile; fileRef = 5250AB9DA58039C79CBDC34A /* Pods_AGConnectRemoteConfigDemo_Swift.framework */; };
/* End PBXBuildFile section */

/* Begin PBXFileReference section */
		2F62E1B92457C10300F672F2 /* AGConnectRemoteConfigDemo.app */ = {isa = PBXFileReference; explicitFileType = wrapper.application; includeInIndex = 0; path = AGConnectRemoteConfigDemo.app; sourceTree = BUILT_PRODUCTS_DIR; };
		2F62E1BC2457C10300F672F2 /* AppDelegate.h */ = {isa = PBXFileReference; lastKnownFileType = sourcecode.c.h; path = AppDelegate.h; sourceTree = "<group>"; };
		2F62E1BD2457C10300F672F2 /* AppDelegate.m */ = {isa = PBXFileReference; lastKnownFileType = sourcecode.c.objc; path = AppDelegate.m; sourceTree = "<group>"; };
		2F62E1C22457C10300F672F2 /* ViewController.h */ = {isa = PBXFileReference; lastKnownFileType = sourcecode.c.h; path = ViewController.h; sourceTree = "<group>"; };
		2F62E1C32457C10300F672F2 /* ViewController.m */ = {isa = PBXFileReference; lastKnownFileType = sourcecode.c.objc; path = ViewController.m; sourceTree = "<group>"; };
		2F62E1C62457C10300F672F2 /* Base */ = {isa = PBXFileReference; lastKnownFileType = file.storyboard; name = Base; path = Base.lproj/Main.storyboard; sourceTree = "<group>"; };
		2F62E1C82457C10400F672F2 /* Assets.xcassets */ = {isa = PBXFileReference; lastKnownFileType = folder.assetcatalog; path = Assets.xcassets; sourceTree = "<group>"; };
		2F62E1CB2457C10400F672F2 /* Base */ = {isa = PBXFileReference; lastKnownFileType = file.storyboard; name = Base; path = Base.lproj/LaunchScreen.storyboard; sourceTree = "<group>"; };
		2F62E1CD2457C10400F672F2 /* Info.plist */ = {isa = PBXFileReference; lastKnownFileType = text.plist.xml; path = Info.plist; sourceTree = "<group>"; };
		2F62E1CE2457C10400F672F2 /* main.m */ = {isa = PBXFileReference; lastKnownFileType = sourcecode.c.objc; path = main.m; sourceTree = "<group>"; };
		2F62E1F12457C29300F672F2 /* FirstModeViewController.h */ = {isa = PBXFileReference; lastKnownFileType = sourcecode.c.h; path = FirstModeViewController.h; sourceTree = "<group>"; };
		2F62E1F22457C29300F672F2 /* FirstModeViewController.m */ = {isa = PBXFileReference; lastKnownFileType = sourcecode.c.objc; path = FirstModeViewController.m; sourceTree = "<group>"; };
		2F62E1F32457C29300F672F2 /* FirstModeViewController.xib */ = {isa = PBXFileReference; lastKnownFileType = file.xib; path = FirstModeViewController.xib; sourceTree = "<group>"; };
		2F62E1F62457C2B100F672F2 /* SecondModeViewController.h */ = {isa = PBXFileReference; lastKnownFileType = sourcecode.c.h; path = SecondModeViewController.h; sourceTree = "<group>"; };
		2F62E1F72457C2B100F672F2 /* SecondModeViewController.m */ = {isa = PBXFileReference; lastKnownFileType = sourcecode.c.objc; path = SecondModeViewController.m; sourceTree = "<group>"; };
		2F62E1F82457C2B100F672F2 /* SecondModeViewController.xib */ = {isa = PBXFileReference; lastKnownFileType = file.xib; path = SecondModeViewController.xib; sourceTree = "<group>"; };
		2FBD545725AD99800008D127 /* AGConnectRemoteConfigDemo-Swift.app */ = {isa = PBXFileReference; explicitFileType = wrapper.application; includeInIndex = 0; path = "AGConnectRemoteConfigDemo-Swift.app"; sourceTree = BUILT_PRODUCTS_DIR; };
		2FBD545925AD99800008D127 /* AppDelegate.swift */ = {isa = PBXFileReference; lastKnownFileType = sourcecode.swift; path = AppDelegate.swift; sourceTree = "<group>"; };
		2FBD545B25AD99800008D127 /* SceneDelegate.swift */ = {isa = PBXFileReference; lastKnownFileType = sourcecode.swift; path = SceneDelegate.swift; sourceTree = "<group>"; };
		2FBD545D25AD99800008D127 /* ViewController.swift */ = {isa = PBXFileReference; lastKnownFileType = sourcecode.swift; path = ViewController.swift; sourceTree = "<group>"; };
		2FBD546025AD99800008D127 /* Base */ = {isa = PBXFileReference; lastKnownFileType = file.storyboard; name = Base; path = Base.lproj/Main.storyboard; sourceTree = "<group>"; };
		2FBD546225AD99810008D127 /* Assets.xcassets */ = {isa = PBXFileReference; lastKnownFileType = folder.assetcatalog; path = Assets.xcassets; sourceTree = "<group>"; };
		2FBD546525AD99810008D127 /* Base */ = {isa = PBXFileReference; lastKnownFileType = file.storyboard; name = Base; path = Base.lproj/LaunchScreen.storyboard; sourceTree = "<group>"; };
		2FBD546725AD99810008D127 /* Info.plist */ = {isa = PBXFileReference; lastKnownFileType = text.plist.xml; path = Info.plist; sourceTree = "<group>"; };
		2FBD546B25AD9C4C0008D127 /* SecondModeViewController.xib */ = {isa = PBXFileReference; fileEncoding = 4; lastKnownFileType = file.xib; path = SecondModeViewController.xib; sourceTree = "<group>"; };
		2FBD546C25AD9C4C0008D127 /* FirstModeViewController.xib */ = {isa = PBXFileReference; fileEncoding = 4; lastKnownFileType = file.xib; path = FirstModeViewController.xib; sourceTree = "<group>"; };
		2FBD546F25AD9EA30008D127 /* FirstModeViewController.swift */ = {isa = PBXFileReference; lastKnownFileType = sourcecode.swift; path = FirstModeViewController.swift; sourceTree = "<group>"; };
		2FBD547125ADC44B0008D127 /* SecondModeViewController.swift */ = {isa = PBXFileReference; lastKnownFileType = sourcecode.swift; path = SecondModeViewController.swift; sourceTree = "<group>"; };
		5250AB9DA58039C79CBDC34A /* Pods_AGConnectRemoteConfigDemo_Swift.framework */ = {isa = PBXFileReference; explicitFileType = wrapper.framework; includeInIndex = 0; path = Pods_AGConnectRemoteConfigDemo_Swift.framework; sourceTree = BUILT_PRODUCTS_DIR; };
		7012FC16E63FABC224EB7899 /* Pods-AGConnectRemoteConfigDemo-Swift.release.xcconfig */ = {isa = PBXFileReference; includeInIndex = 1; lastKnownFileType = text.xcconfig; name = "Pods-AGConnectRemoteConfigDemo-Swift.release.xcconfig"; path = "Target Support Files/Pods-AGConnectRemoteConfigDemo-Swift/Pods-AGConnectRemoteConfigDemo-Swift.release.xcconfig"; sourceTree = "<group>"; };
		C7430C89574F860144D46355 /* Pods-AGConnectRemoteConfigDemo.release.xcconfig */ = {isa = PBXFileReference; includeInIndex = 1; lastKnownFileType = text.xcconfig; name = "Pods-AGConnectRemoteConfigDemo.release.xcconfig"; path = "Target Support Files/Pods-AGConnectRemoteConfigDemo/Pods-AGConnectRemoteConfigDemo.release.xcconfig"; sourceTree = "<group>"; };
		D9AE8F1CCE838F4AC71FA36C /* Pods-AGConnectRemoteConfigDemo.debug.xcconfig */ = {isa = PBXFileReference; includeInIndex = 1; lastKnownFileType = text.xcconfig; name = "Pods-AGConnectRemoteConfigDemo.debug.xcconfig"; path = "Target Support Files/Pods-AGConnectRemoteConfigDemo/Pods-AGConnectRemoteConfigDemo.debug.xcconfig"; sourceTree = "<group>"; };
		DA60463ACD322E2252A53891 /* Pods_AGConnectRemoteConfigDemo.framework */ = {isa = PBXFileReference; explicitFileType = wrapper.framework; includeInIndex = 0; path = Pods_AGConnectRemoteConfigDemo.framework; sourceTree = BUILT_PRODUCTS_DIR; };
		E808F1598435308690C8B9C2 /* Pods-AGConnectRemoteConfigDemo-Swift.debug.xcconfig */ = {isa = PBXFileReference; includeInIndex = 1; lastKnownFileType = text.xcconfig; name = "Pods-AGConnectRemoteConfigDemo-Swift.debug.xcconfig"; path = "Target Support Files/Pods-AGConnectRemoteConfigDemo-Swift/Pods-AGConnectRemoteConfigDemo-Swift.debug.xcconfig"; sourceTree = "<group>"; };
/* End PBXFileReference section */

/* Begin PBXFrameworksBuildPhase section */
		2F62E1B62457C10300F672F2 /* Frameworks */ = {
			isa = PBXFrameworksBuildPhase;
			buildActionMask = 2147483647;
			files = (
				4595E61DC3A8949D573FA0F8 /* Pods_AGConnectRemoteConfigDemo.framework in Frameworks */,
			);
			runOnlyForDeploymentPostprocessing = 0;
		};
		2FBD545425AD99800008D127 /* Frameworks */ = {
			isa = PBXFrameworksBuildPhase;
			buildActionMask = 2147483647;
			files = (
				C0842AC1B25DF332E33F7A13 /* Pods_AGConnectRemoteConfigDemo_Swift.framework in Frameworks */,
			);
			runOnlyForDeploymentPostprocessing = 0;
		};
/* End PBXFrameworksBuildPhase section */

/* Begin PBXGroup section */
		2F62E1B02457C10300F672F2 = {
			isa = PBXGroup;
			children = (
				2F62E1BB2457C10300F672F2 /* AGConnectRemoteConfigDemo */,
				2FBD545825AD99800008D127 /* AGConnectRemoteConfigDemo-Swift */,
				2F62E1BA2457C10300F672F2 /* Products */,
				A193641E288E690D2CF7FDBB /* Pods */,
				7FF40E3C877C3B11F5F9ABD3 /* Frameworks */,
			);
			sourceTree = "<group>";
		};
		2F62E1BA2457C10300F672F2 /* Products */ = {
			isa = PBXGroup;
			children = (
				2F62E1B92457C10300F672F2 /* AGConnectRemoteConfigDemo.app */,
				2FBD545725AD99800008D127 /* AGConnectRemoteConfigDemo-Swift.app */,
			);
			name = Products;
			sourceTree = "<group>";
		};
		2F62E1BB2457C10300F672F2 /* AGConnectRemoteConfigDemo */ = {
			isa = PBXGroup;
			children = (
				2F62E1BC2457C10300F672F2 /* AppDelegate.h */,
				2F62E1BD2457C10300F672F2 /* AppDelegate.m */,
				2F62E1C22457C10300F672F2 /* ViewController.h */,
				2F62E1C32457C10300F672F2 /* ViewController.m */,
				2F62E1F12457C29300F672F2 /* FirstModeViewController.h */,
				2F62E1F22457C29300F672F2 /* FirstModeViewController.m */,
				2F62E1F32457C29300F672F2 /* FirstModeViewController.xib */,
				2F62E1F62457C2B100F672F2 /* SecondModeViewController.h */,
				2F62E1F72457C2B100F672F2 /* SecondModeViewController.m */,
				2F62E1F82457C2B100F672F2 /* SecondModeViewController.xib */,
				2F62E1C52457C10300F672F2 /* Main.storyboard */,
				2F62E1C82457C10400F672F2 /* Assets.xcassets */,
				2F62E1CA2457C10400F672F2 /* LaunchScreen.storyboard */,
				2F62E1CD2457C10400F672F2 /* Info.plist */,
				2F62E1CE2457C10400F672F2 /* main.m */,
			);
			path = AGConnectRemoteConfigDemo;
			sourceTree = "<group>";
		};
		2FBD545825AD99800008D127 /* AGConnectRemoteConfigDemo-Swift */ = {
			isa = PBXGroup;
			children = (
				2FBD545925AD99800008D127 /* AppDelegate.swift */,
				2FBD545B25AD99800008D127 /* SceneDelegate.swift */,
				2FBD545D25AD99800008D127 /* ViewController.swift */,
				2FBD546F25AD9EA30008D127 /* FirstModeViewController.swift */,
				2FBD546C25AD9C4C0008D127 /* FirstModeViewController.xib */,
				2FBD547125ADC44B0008D127 /* SecondModeViewController.swift */,
				2FBD546B25AD9C4C0008D127 /* SecondModeViewController.xib */,
				2FBD545F25AD99800008D127 /* Main.storyboard */,
				2FBD546225AD99810008D127 /* Assets.xcassets */,
				2FBD546425AD99810008D127 /* LaunchScreen.storyboard */,
				2FBD546725AD99810008D127 /* Info.plist */,
			);
			path = "AGConnectRemoteConfigDemo-Swift";
			sourceTree = "<group>";
		};
		7FF40E3C877C3B11F5F9ABD3 /* Frameworks */ = {
			isa = PBXGroup;
			children = (
				DA60463ACD322E2252A53891 /* Pods_AGConnectRemoteConfigDemo.framework */,
				5250AB9DA58039C79CBDC34A /* Pods_AGConnectRemoteConfigDemo_Swift.framework */,
			);
			name = Frameworks;
			sourceTree = "<group>";
		};
		A193641E288E690D2CF7FDBB /* Pods */ = {
			isa = PBXGroup;
			children = (
				D9AE8F1CCE838F4AC71FA36C /* Pods-AGConnectRemoteConfigDemo.debug.xcconfig */,
				C7430C89574F860144D46355 /* Pods-AGConnectRemoteConfigDemo.release.xcconfig */,
				E808F1598435308690C8B9C2 /* Pods-AGConnectRemoteConfigDemo-Swift.debug.xcconfig */,
				7012FC16E63FABC224EB7899 /* Pods-AGConnectRemoteConfigDemo-Swift.release.xcconfig */,
			);
			path = Pods;
			sourceTree = "<group>";
		};
/* End PBXGroup section */

/* Begin PBXNativeTarget section */
		2F62E1B82457C10300F672F2 /* AGConnectRemoteConfigDemo */ = {
			isa = PBXNativeTarget;
			buildConfigurationList = 2F62E1E82457C10400F672F2 /* Build configuration list for PBXNativeTarget "AGConnectRemoteConfigDemo" */;
			buildPhases = (
				73760F31D8C229AA64CABFE7 /* [CP] Check Pods Manifest.lock */,
				2F62E1B52457C10300F672F2 /* Sources */,
				2F62E1B62457C10300F672F2 /* Frameworks */,
				2F62E1B72457C10300F672F2 /* Resources */,
				E032EC20897C1960B5232500 /* [CP] Copy Pods Resources */,
			);
			buildRules = (
			);
			dependencies = (
			);
			name = AGConnectRemoteConfigDemo;
			productName = AGConnectRemoteConfigDemo;
			productReference = 2F62E1B92457C10300F672F2 /* AGConnectRemoteConfigDemo.app */;
			productType = "com.apple.product-type.application";
		};
		2FBD545625AD99800008D127 /* AGConnectRemoteConfigDemo-Swift */ = {
			isa = PBXNativeTarget;
			buildConfigurationList = 2FBD546A25AD99810008D127 /* Build configuration list for PBXNativeTarget "AGConnectRemoteConfigDemo-Swift" */;
			buildPhases = (
				4F1689D1D2A5D6C25B887620 /* [CP] Check Pods Manifest.lock */,
				2FBD545325AD99800008D127 /* Sources */,
				2FBD545425AD99800008D127 /* Frameworks */,
				2FBD545525AD99800008D127 /* Resources */,
				457AAAA5F83B7CBAE2C480E9 /* [CP] Copy Pods Resources */,
			);
			buildRules = (
			);
			dependencies = (
			);
			name = "AGConnectRemoteConfigDemo-Swift";
			productName = "AGConnectRemoteConfigDemo-Swift";
			productReference = 2FBD545725AD99800008D127 /* AGConnectRemoteConfigDemo-Swift.app */;
			productType = "com.apple.product-type.application";
		};
/* End PBXNativeTarget section */

/* Begin PBXProject section */
		2F62E1B12457C10300F672F2 /* Project object */ = {
			isa = PBXProject;
			attributes = {
				LastSwiftUpdateCheck = 1150;
				LastUpgradeCheck = 1130;
				TargetAttributes = {
					2F62E1B82457C10300F672F2 = {
						CreatedOnToolsVersion = 11.3;
					};
					2FBD545625AD99800008D127 = {
						CreatedOnToolsVersion = 11.5;
					};
				};
			};
			buildConfigurationList = 2F62E1B42457C10300F672F2 /* Build configuration list for PBXProject "AGConnectRemoteConfigDemo" */;
			compatibilityVersion = "Xcode 9.3";
			developmentRegion = en;
			hasScannedForEncodings = 0;
			knownRegions = (
				en,
				Base,
			);
			mainGroup = 2F62E1B02457C10300F672F2;
			productRefGroup = 2F62E1BA2457C10300F672F2 /* Products */;
			projectDirPath = "";
			projectRoot = "";
			targets = (
				2F62E1B82457C10300F672F2 /* AGConnectRemoteConfigDemo */,
				2FBD545625AD99800008D127 /* AGConnectRemoteConfigDemo-Swift */,
			);
		};
/* End PBXProject section */

/* Begin PBXResourcesBuildPhase section */
		2F62E1B72457C10300F672F2 /* Resources */ = {
			isa = PBXResourcesBuildPhase;
			buildActionMask = 2147483647;
			files = (
				2F62E1F52457C29300F672F2 /* FirstModeViewController.xib in Resources */,
				2F62E1FA2457C2B100F672F2 /* SecondModeViewController.xib in Resources */,
				2F62E1CC2457C10400F672F2 /* LaunchScreen.storyboard in Resources */,
				2F62E1C92457C10400F672F2 /* Assets.xcassets in Resources */,
				2F62E1C72457C10300F672F2 /* Main.storyboard in Resources */,
			);
			runOnlyForDeploymentPostprocessing = 0;
		};
		2FBD545525AD99800008D127 /* Resources */ = {
			isa = PBXResourcesBuildPhase;
			buildActionMask = 2147483647;
			files = (
				2FBD546625AD99810008D127 /* LaunchScreen.storyboard in Resources */,
				2FBD546D25AD9C4C0008D127 /* SecondModeViewController.xib in Resources */,
				2FBD546E25AD9C4C0008D127 /* FirstModeViewController.xib in Resources */,
				2FBD546325AD99810008D127 /* Assets.xcassets in Resources */,
				2FBD546125AD99800008D127 /* Main.storyboard in Resources */,
			);
			runOnlyForDeploymentPostprocessing = 0;
		};
/* End PBXResourcesBuildPhase section */

/* Begin PBXShellScriptBuildPhase section */
		457AAAA5F83B7CBAE2C480E9 /* [CP] Copy Pods Resources */ = {
			isa = PBXShellScriptBuildPhase;
			buildActionMask = 2147483647;
			files = (
			);
			inputFileListPaths = (
				"${PODS_ROOT}/Target Support Files/Pods-AGConnectRemoteConfigDemo-Swift/Pods-AGConnectRemoteConfigDemo-Swift-resources-${CONFIGURATION}-input-files.xcfilelist",
			);
			name = "[CP] Copy Pods Resources";
			outputFileListPaths = (
				"${PODS_ROOT}/Target Support Files/Pods-AGConnectRemoteConfigDemo-Swift/Pods-AGConnectRemoteConfigDemo-Swift-resources-${CONFIGURATION}-output-files.xcfilelist",
			);
			runOnlyForDeploymentPostprocessing = 0;
			shellPath = /bin/sh;
			shellScript = "\"${PODS_ROOT}/Target Support Files/Pods-AGConnectRemoteConfigDemo-Swift/Pods-AGConnectRemoteConfigDemo-Swift-resources.sh\"\n";
			showEnvVarsInLog = 0;
		};
		4F1689D1D2A5D6C25B887620 /* [CP] Check Pods Manifest.lock */ = {
			isa = PBXShellScriptBuildPhase;
			buildActionMask = 2147483647;
			files = (
			);
			inputFileListPaths = (
			);
			inputPaths = (
				"${PODS_PODFILE_DIR_PATH}/Podfile.lock",
				"${PODS_ROOT}/Manifest.lock",
			);
			name = "[CP] Check Pods Manifest.lock";
			outputFileListPaths = (
			);
			outputPaths = (
				"$(DERIVED_FILE_DIR)/Pods-AGConnectRemoteConfigDemo-Swift-checkManifestLockResult.txt",
			);
			runOnlyForDeploymentPostprocessing = 0;
			shellPath = /bin/sh;
			shellScript = "diff \"${PODS_PODFILE_DIR_PATH}/Podfile.lock\" \"${PODS_ROOT}/Manifest.lock\" > /dev/null\nif [ $? != 0 ] ; then\n    # print error to STDERR\n    echo \"error: The sandbox is not in sync with the Podfile.lock. Run 'pod install' or update your CocoaPods installation.\" >&2\n    exit 1\nfi\n# This output is used by Xcode 'outputs' to avoid re-running this script phase.\necho \"SUCCESS\" > \"${SCRIPT_OUTPUT_FILE_0}\"\n";
			showEnvVarsInLog = 0;
		};
		73760F31D8C229AA64CABFE7 /* [CP] Check Pods Manifest.lock */ = {
			isa = PBXShellScriptBuildPhase;
			buildActionMask = 2147483647;
			files = (
			);
			inputFileListPaths = (
			);
			inputPaths = (
				"${PODS_PODFILE_DIR_PATH}/Podfile.lock",
				"${PODS_ROOT}/Manifest.lock",
			);
			name = "[CP] Check Pods Manifest.lock";
			outputFileListPaths = (
			);
			outputPaths = (
				"$(DERIVED_FILE_DIR)/Pods-AGConnectRemoteConfigDemo-checkManifestLockResult.txt",
			);
			runOnlyForDeploymentPostprocessing = 0;
			shellPath = /bin/sh;
			shellScript = "diff \"${PODS_PODFILE_DIR_PATH}/Podfile.lock\" \"${PODS_ROOT}/Manifest.lock\" > /dev/null\nif [ $? != 0 ] ; then\n    # print error to STDERR\n    echo \"error: The sandbox is not in sync with the Podfile.lock. Run 'pod install' or update your CocoaPods installation.\" >&2\n    exit 1\nfi\n# This output is used by Xcode 'outputs' to avoid re-running this script phase.\necho \"SUCCESS\" > \"${SCRIPT_OUTPUT_FILE_0}\"\n";
			showEnvVarsInLog = 0;
		};
		E032EC20897C1960B5232500 /* [CP] Copy Pods Resources */ = {
			isa = PBXShellScriptBuildPhase;
			buildActionMask = 2147483647;
			files = (
			);
			inputFileListPaths = (
				"${PODS_ROOT}/Target Support Files/Pods-AGConnectRemoteConfigDemo/Pods-AGConnectRemoteConfigDemo-resources-${CONFIGURATION}-input-files.xcfilelist",
			);
			name = "[CP] Copy Pods Resources";
			outputFileListPaths = (
				"${PODS_ROOT}/Target Support Files/Pods-AGConnectRemoteConfigDemo/Pods-AGConnectRemoteConfigDemo-resources-${CONFIGURATION}-output-files.xcfilelist",
			);
			runOnlyForDeploymentPostprocessing = 0;
			shellPath = /bin/sh;
			shellScript = "\"${PODS_ROOT}/Target Support Files/Pods-AGConnectRemoteConfigDemo/Pods-AGConnectRemoteConfigDemo-resources.sh\"\n";
			showEnvVarsInLog = 0;
		};
/* End PBXShellScriptBuildPhase section */

/* Begin PBXSourcesBuildPhase section */
		2F62E1B52457C10300F672F2 /* Sources */ = {
			isa = PBXSourcesBuildPhase;
			buildActionMask = 2147483647;
			files = (
				2F62E1C42457C10300F672F2 /* ViewController.m in Sources */,
				2F62E1F92457C2B100F672F2 /* SecondModeViewController.m in Sources */,
				2F62E1F42457C29300F672F2 /* FirstModeViewController.m in Sources */,
				2F62E1BE2457C10300F672F2 /* AppDelegate.m in Sources */,
				2F62E1CF2457C10400F672F2 /* main.m in Sources */,
			);
			runOnlyForDeploymentPostprocessing = 0;
		};
		2FBD545325AD99800008D127 /* Sources */ = {
			isa = PBXSourcesBuildPhase;
			buildActionMask = 2147483647;
			files = (
				2FBD547025AD9EA30008D127 /* FirstModeViewController.swift in Sources */,
				2FBD545E25AD99800008D127 /* ViewController.swift in Sources */,
				2FBD547225ADC44B0008D127 /* SecondModeViewController.swift in Sources */,
				2FBD545A25AD99800008D127 /* AppDelegate.swift in Sources */,
				2FBD545C25AD99800008D127 /* SceneDelegate.swift in Sources */,
			);
			runOnlyForDeploymentPostprocessing = 0;
		};
/* End PBXSourcesBuildPhase section */

/* Begin PBXVariantGroup section */
		2F62E1C52457C10300F672F2 /* Main.storyboard */ = {
			isa = PBXVariantGroup;
			children = (
				2F62E1C62457C10300F672F2 /* Base */,
			);
			name = Main.storyboard;
			sourceTree = "<group>";
		};
		2F62E1CA2457C10400F672F2 /* LaunchScreen.storyboard */ = {
			isa = PBXVariantGroup;
			children = (
				2F62E1CB2457C10400F672F2 /* Base */,
			);
			name = LaunchScreen.storyboard;
			sourceTree = "<group>";
		};
		2FBD545F25AD99800008D127 /* Main.storyboard */ = {
			isa = PBXVariantGroup;
			children = (
				2FBD546025AD99800008D127 /* Base */,
			);
			name = Main.storyboard;
			sourceTree = "<group>";
		};
		2FBD546425AD99810008D127 /* LaunchScreen.storyboard */ = {
			isa = PBXVariantGroup;
			children = (
				2FBD546525AD99810008D127 /* Base */,
			);
			name = LaunchScreen.storyboard;
			sourceTree = "<group>";
		};
/* End PBXVariantGroup section */

/* Begin XCBuildConfiguration section */
		2F62E1E62457C10400F672F2 /* Debug */ = {
			isa = XCBuildConfiguration;
			buildSettings = {
				ALWAYS_SEARCH_USER_PATHS = NO;
				CLANG_ANALYZER_NONNULL = YES;
				CLANG_ANALYZER_NUMBER_OBJECT_CONVERSION = YES_AGGRESSIVE;
				CLANG_CXX_LANGUAGE_STANDARD = "gnu++14";
				CLANG_CXX_LIBRARY = "libc++";
				CLANG_ENABLE_MODULES = YES;
				CLANG_ENABLE_OBJC_ARC = YES;
				CLANG_ENABLE_OBJC_WEAK = YES;
				CLANG_WARN_BLOCK_CAPTURE_AUTORELEASING = YES;
				CLANG_WARN_BOOL_CONVERSION = YES;
				CLANG_WARN_COMMA = YES;
				CLANG_WARN_CONSTANT_CONVERSION = YES;
				CLANG_WARN_DEPRECATED_OBJC_IMPLEMENTATIONS = YES;
				CLANG_WARN_DIRECT_OBJC_ISA_USAGE = YES_ERROR;
				CLANG_WARN_DOCUMENTATION_COMMENTS = YES;
				CLANG_WARN_EMPTY_BODY = YES;
				CLANG_WARN_ENUM_CONVERSION = YES;
				CLANG_WARN_INFINITE_RECURSION = YES;
				CLANG_WARN_INT_CONVERSION = YES;
				CLANG_WARN_NON_LITERAL_NULL_CONVERSION = YES;
				CLANG_WARN_OBJC_IMPLICIT_RETAIN_SELF = YES;
				CLANG_WARN_OBJC_LITERAL_CONVERSION = YES;
				CLANG_WARN_OBJC_ROOT_CLASS = YES_ERROR;
				CLANG_WARN_RANGE_LOOP_ANALYSIS = YES;
				CLANG_WARN_STRICT_PROTOTYPES = YES;
				CLANG_WARN_SUSPICIOUS_MOVE = YES;
				CLANG_WARN_UNGUARDED_AVAILABILITY = YES_AGGRESSIVE;
				CLANG_WARN_UNREACHABLE_CODE = YES;
				CLANG_WARN__DUPLICATE_METHOD_MATCH = YES;
				COPY_PHASE_STRIP = NO;
				DEBUG_INFORMATION_FORMAT = dwarf;
				ENABLE_STRICT_OBJC_MSGSEND = YES;
				ENABLE_TESTABILITY = YES;
				GCC_C_LANGUAGE_STANDARD = gnu11;
				GCC_DYNAMIC_NO_PIC = NO;
				GCC_NO_COMMON_BLOCKS = YES;
				GCC_OPTIMIZATION_LEVEL = 0;
				GCC_PREPROCESSOR_DEFINITIONS = (
					"DEBUG=1",
					"$(inherited)",
				);
				GCC_WARN_64_TO_32_BIT_CONVERSION = YES;
				GCC_WARN_ABOUT_RETURN_TYPE = YES_ERROR;
				GCC_WARN_UNDECLARED_SELECTOR = YES;
				GCC_WARN_UNINITIALIZED_AUTOS = YES_AGGRESSIVE;
				GCC_WARN_UNUSED_FUNCTION = YES;
				GCC_WARN_UNUSED_VARIABLE = YES;
				IPHONEOS_DEPLOYMENT_TARGET = 9.0;
				MTL_ENABLE_DEBUG_INFO = INCLUDE_SOURCE;
				MTL_FAST_MATH = YES;
				ONLY_ACTIVE_ARCH = YES;
				SDKROOT = iphoneos;
			};
			name = Debug;
		};
		2F62E1E72457C10400F672F2 /* Release */ = {
			isa = XCBuildConfiguration;
			buildSettings = {
				ALWAYS_SEARCH_USER_PATHS = NO;
				CLANG_ANALYZER_NONNULL = YES;
				CLANG_ANALYZER_NUMBER_OBJECT_CONVERSION = YES_AGGRESSIVE;
				CLANG_CXX_LANGUAGE_STANDARD = "gnu++14";
				CLANG_CXX_LIBRARY = "libc++";
				CLANG_ENABLE_MODULES = YES;
				CLANG_ENABLE_OBJC_ARC = YES;
				CLANG_ENABLE_OBJC_WEAK = YES;
				CLANG_WARN_BLOCK_CAPTURE_AUTORELEASING = YES;
				CLANG_WARN_BOOL_CONVERSION = YES;
				CLANG_WARN_COMMA = YES;
				CLANG_WARN_CONSTANT_CONVERSION = YES;
				CLANG_WARN_DEPRECATED_OBJC_IMPLEMENTATIONS = YES;
				CLANG_WARN_DIRECT_OBJC_ISA_USAGE = YES_ERROR;
				CLANG_WARN_DOCUMENTATION_COMMENTS = YES;
				CLANG_WARN_EMPTY_BODY = YES;
				CLANG_WARN_ENUM_CONVERSION = YES;
				CLANG_WARN_INFINITE_RECURSION = YES;
				CLANG_WARN_INT_CONVERSION = YES;
				CLANG_WARN_NON_LITERAL_NULL_CONVERSION = YES;
				CLANG_WARN_OBJC_IMPLICIT_RETAIN_SELF = YES;
				CLANG_WARN_OBJC_LITERAL_CONVERSION = YES;
				CLANG_WARN_OBJC_ROOT_CLASS = YES_ERROR;
				CLANG_WARN_RANGE_LOOP_ANALYSIS = YES;
				CLANG_WARN_STRICT_PROTOTYPES = YES;
				CLANG_WARN_SUSPICIOUS_MOVE = YES;
				CLANG_WARN_UNGUARDED_AVAILABILITY = YES_AGGRESSIVE;
				CLANG_WARN_UNREACHABLE_CODE = YES;
				CLANG_WARN__DUPLICATE_METHOD_MATCH = YES;
				COPY_PHASE_STRIP = NO;
				DEBUG_INFORMATION_FORMAT = "dwarf-with-dsym";
				ENABLE_NS_ASSERTIONS = NO;
				ENABLE_STRICT_OBJC_MSGSEND = YES;
				GCC_C_LANGUAGE_STANDARD = gnu11;
				GCC_NO_COMMON_BLOCKS = YES;
				GCC_WARN_64_TO_32_BIT_CONVERSION = YES;
				GCC_WARN_ABOUT_RETURN_TYPE = YES_ERROR;
				GCC_WARN_UNDECLARED_SELECTOR = YES;
				GCC_WARN_UNINITIALIZED_AUTOS = YES_AGGRESSIVE;
				GCC_WARN_UNUSED_FUNCTION = YES;
				GCC_WARN_UNUSED_VARIABLE = YES;
				IPHONEOS_DEPLOYMENT_TARGET = 9.0;
				MTL_ENABLE_DEBUG_INFO = NO;
				MTL_FAST_MATH = YES;
				SDKROOT = iphoneos;
				VALIDATE_PRODUCT = YES;
			};
			name = Release;
		};
		2F62E1E92457C10400F672F2 /* Debug */ = {
			isa = XCBuildConfiguration;
			baseConfigurationReference = D9AE8F1CCE838F4AC71FA36C /* Pods-AGConnectRemoteConfigDemo.debug.xcconfig */;
			buildSettings = {
				ASSETCATALOG_COMPILER_APPICON_NAME = AppIcon;
				CODE_SIGN_STYLE = Automatic;
				INFOPLIST_FILE = AGConnectRemoteConfigDemo/Info.plist;
				PRODUCT_BUNDLE_IDENTIFIER = com.huawei.AGConnectRemoteConfigDemo;
				PRODUCT_NAME = "$(TARGET_NAME)";
			};
			name = Debug;
		};
		2F62E1EA2457C10400F672F2 /* Release */ = {
			isa = XCBuildConfiguration;
			baseConfigurationReference = C7430C89574F860144D46355 /* Pods-AGConnectRemoteConfigDemo.release.xcconfig */;
			buildSettings = {
				ASSETCATALOG_COMPILER_APPICON_NAME = AppIcon;
				CODE_SIGN_STYLE = Automatic;
				INFOPLIST_FILE = AGConnectRemoteConfigDemo/Info.plist;
				PRODUCT_BUNDLE_IDENTIFIER = com.huawei.AGConnectRemoteConfigDemo;
				PRODUCT_NAME = "$(TARGET_NAME)";
			};
			name = Release;
		};
		2FBD546825AD99810008D127 /* Debug */ = {
			isa = XCBuildConfiguration;
			baseConfigurationReference = E808F1598435308690C8B9C2 /* Pods-AGConnectRemoteConfigDemo-Swift.debug.xcconfig */;
			buildSettings = {
				ASSETCATALOG_COMPILER_APPICON_NAME = AppIcon;
				CODE_SIGN_STYLE = Automatic;
				INFOPLIST_FILE = "AGConnectRemoteConfigDemo-Swift/Info.plist";
				IPHONEOS_DEPLOYMENT_TARGET = 13.5;
				LD_RUNPATH_SEARCH_PATHS = (
					"$(inherited)",
					"@executable_path/Frameworks",
				);
				PRODUCT_BUNDLE_IDENTIFIER = "com.huawei.AGConnectRemoteConfigDemo-Swift";
				PRODUCT_NAME = "$(TARGET_NAME)";
				SWIFT_ACTIVE_COMPILATION_CONDITIONS = DEBUG;
				SWIFT_OPTIMIZATION_LEVEL = "-Onone";
				SWIFT_VERSION = 5.0;
				TARGETED_DEVICE_FAMILY = "1,2";
			};
			name = Debug;
		};
		2FBD546925AD99810008D127 /* Release */ = {
			isa = XCBuildConfiguration;
			baseConfigurationReference = 7012FC16E63FABC224EB7899 /* Pods-AGConnectRemoteConfigDemo-Swift.release.xcconfig */;
			buildSettings = {
				ASSETCATALOG_COMPILER_APPICON_NAME = AppIcon;
				CODE_SIGN_STYLE = Automatic;
				INFOPLIST_FILE = "AGConnectRemoteConfigDemo-Swift/Info.plist";
				IPHONEOS_DEPLOYMENT_TARGET = 13.5;
				LD_RUNPATH_SEARCH_PATHS = (
					"$(inherited)",
					"@executable_path/Frameworks",
				);
				PRODUCT_BUNDLE_IDENTIFIER = "com.huawei.AGConnectRemoteConfigDemo-Swift";
				PRODUCT_NAME = "$(TARGET_NAME)";
				SWIFT_COMPILATION_MODE = wholemodule;
				SWIFT_OPTIMIZATION_LEVEL = "-O";
				SWIFT_VERSION = 5.0;
				TARGETED_DEVICE_FAMILY = "1,2";
			};
			name = Release;
		};
/* End XCBuildConfiguration section */

/* Begin XCConfigurationList section */
		2F62E1B42457C10300F672F2 /* Build configuration list for PBXProject "AGConnectRemoteConfigDemo" */ = {
			isa = XCConfigurationList;
			buildConfigurations = (
				2F62E1E62457C10400F672F2 /* Debug */,
				2F62E1E72457C10400F672F2 /* Release */,
			);
			defaultConfigurationIsVisible = 0;
			defaultConfigurationName = Release;
		};
		2F62E1E82457C10400F672F2 /* Build configuration list for PBXNativeTarget "AGConnectRemoteConfigDemo" */ = {
			isa = XCConfigurationList;
			buildConfigurations = (
				2F62E1E92457C10400F672F2 /* Debug */,
				2F62E1EA2457C10400F672F2 /* Release */,
			);
			defaultConfigurationIsVisible = 0;
			defaultConfigurationName = Release;
		};
		2FBD546A25AD99810008D127 /* Build configuration list for PBXNativeTarget "AGConnectRemoteConfigDemo-Swift" */ = {
			isa = XCConfigurationList;
			buildConfigurations = (
				2FBD546825AD99810008D127 /* Debug */,
				2FBD546925AD99810008D127 /* Release */,
			);
			defaultConfigurationIsVisible = 0;
			defaultConfigurationName = Release;
		};
/* End XCConfigurationList section */
	};
	rootObject = 2F62E1B12457C10300F672F2 /* Project object */;
}
