
Microsoft Visual Studio Solution File, Format Version 12.00
# Visual Studio Version 16
VisualStudioVersion = 16.0.30621.155
MinimumVisualStudioVersion = 10.0.40219.1
Project("{FAE04EC0-301F-11D3-BF4B-00C04F79EFBC}") = "AppMessagingAndroidDemo", "AppMessagingAndroidDemo\AppMessagingAndroidDemo.csproj", "{D644B894-0F1D-43A0-9016-D7A477BD9790}"
EndProject
Global
	GlobalSection(SolutionConfigurationPlatforms) = preSolution
		Debug|Any CPU = Debug|Any CPU
		Release|Any CPU = Release|Any CPU
	EndGlobalSection
	GlobalSection(ProjectConfigurationPlatforms) = postSolution
		{D644B894-0F1D-43A0-9016-D7A477BD9790}.Debug|Any CPU.ActiveCfg = Debug|Any CPU
		{D644B894-0F1D-43A0-9016-D7A477BD9790}.Debug|Any CPU.Build.0 = Debug|Any CPU
		{D644B894-0F1D-43A0-9016-D7A477BD9790}.Debug|Any CPU.Deploy.0 = Debug|Any CPU
		{D644B894-0F1D-43A0-9016-D7A477BD9790}.Release|Any CPU.ActiveCfg = Release|Any CPU
		{D644B894-0F1D-43A0-9016-D7A477BD9790}.Release|Any CPU.Build.0 = Release|Any CPU
		{D644B894-0F1D-43A0-9016-D7A477BD9790}.Release|Any CPU.Deploy.0 = Release|Any CPU
	EndGlobalSection
	GlobalSection(SolutionProperties) = preSolution
		HideSolutionNode = FALSE
	EndGlobalSection
	GlobalSection(ExtensibilityGlobals) = postSolution
		SolutionGuid = {32D321F7-385B-481C-AAC9-8DAA08C821C0}
	EndGlobalSection
EndGlobal
